
Microsoft Visual Studio Solution File, Format Version 12.00
# Visual Studio Version 17
VisualStudioVersion = 17.6.33723.286
MinimumVisualStudioVersion = 10.0.40219.1
Project("{FAE04EC0-301F-11D3-BF4B-00C04F79EFBC}") = "Lab12.Android", "Lab12.Android\Lab12.Android.csproj", "{0C71B57A-1B17-48B2-9131-0C477D677276}"
EndProject
Project("{FAE04EC0-301F-11D3-BF4B-00C04F79EFBC}") = "Lab12.iOS", "Lab12.iOS\Lab12.iOS.csproj", "{0E7FAAB7-2349-4BA8-85BA-C9A6AF9535EE}"
EndProject
Project("{FAE04EC0-301F-11D3-BF4B-00C04F79EFBC}") = "Lab12", "Lab12\Lab12.csproj", "{08E8FF18-D95C-40BD-A0E5-D9E279076098}"
EndProject
Global
	GlobalSection(SolutionConfigurationPlatforms) = preSolution
		Debug|Any CPU = Debug|Any CPU
		Debug|iPhone = Debug|iPhone
		Debug|iPhoneSimulator = Debug|iPhoneSimulator
		Release|Any CPU = Release|Any CPU
		Release|iPhone = Release|iPhone
		Release|iPhoneSimulator = Release|iPhoneSimulator
	EndGlobalSection
	GlobalSection(ProjectConfigurationPlatforms) = postSolution
		{0C71B57A-1B17-48B2-9131-0C477D677276}.Debug|Any CPU.ActiveCfg = Debug|Any CPU
		{0C71B57A-1B17-48B2-9131-0C477D677276}.Debug|Any CPU.Build.0 = Debug|Any CPU
		{0C71B57A-1B17-48B2-9131-0C477D677276}.Debug|Any CPU.Deploy.0 = Debug|Any CPU
		{0C71B57A-1B17-48B2-9131-0C477D677276}.Debug|iPhone.ActiveCfg = Debug|Any CPU
		{0C71B57A-1B17-48B2-9131-0C477D677276}.Debug|iPhone.Build.0 = Debug|Any CPU
		{0C71B57A-1B17-48B2-9131-0C477D677276}.Debug|iPhone.Deploy.0 = Debug|Any CPU
		{0C71B57A-1B17-48B2-9131-0C477D677276}.Debug|iPhoneSimulator.ActiveCfg = Debug|Any CPU
		{0C71B57A-1B17-48B2-9131-0C477D677276}.Debug|iPhoneSimulator.Build.0 = Debug|Any CPU
		{0C71B57A-1B17-48B2-9131-0C477D677276}.Debug|iPhoneSimulator.Deploy.0 = Debug|Any CPU
		{0C71B57A-1B17-48B2-9131-0C477D677276}.Release|Any CPU.ActiveCfg = Release|Any CPU
		{0C71B57A-1B17-48B2-9131-0C477D677276}.Release|Any CPU.Build.0 = Release|Any CPU
		{0C71B57A-1B17-48B2-9131-0C477D677276}.Release|Any CPU.Deploy.0 = Release|Any CPU
		{0C71B57A-1B17-48B2-9131-0C477D677276}.Release|iPhone.ActiveCfg = Release|Any CPU
		{0C71B57A-1B17-48B2-9131-0C477D677276}.Release|iPhone.Build.0 = Release|Any CPU
		{0C71B57A-1B17-48B2-9131-0C477D677276}.Release|iPhone.Deploy.0 = Release|Any CPU
		{0C71B57A-1B17-48B2-9131-0C477D677276}.Release|iPhoneSimulator.ActiveCfg = Release|Any CPU
		{0C71B57A-1B17-48B2-9131-0C477D677276}.Release|iPhoneSimulator.Build.0 = Release|Any CPU
		{0C71B57A-1B17-48B2-9131-0C477D677276}.Release|iPhoneSimulator.Deploy.0 = Release|Any CPU
		{0E7FAAB7-2349-4BA8-85BA-C9A6AF9535EE}.Debug|Any CPU.ActiveCfg = Debug|iPhone
		{0E7FAAB7-2349-4BA8-85BA-C9A6AF9535EE}.Debug|Any CPU.Build.0 = Debug|iPhone
		{0E7FAAB7-2349-4BA8-85BA-C9A6AF9535EE}.Debug|Any CPU.Deploy.0 = Debug|iPhone
		{0E7FAAB7-2349-4BA8-85BA-C9A6AF9535EE}.Debug|iPhone.ActiveCfg = Debug|iPhone
		{0E7FAAB7-2349-4BA8-85BA-C9A6AF9535EE}.Debug|iPhone.Build.0 = Debug|iPhone
		{0E7FAAB7-2349-4BA8-85BA-C9A6AF9535EE}.Debug|iPhone.Deploy.0 = Debug|iPhone
		{0E7FAAB7-2349-4BA8-85BA-C9A6AF9535EE}.Debug|iPhoneSimulator.ActiveCfg = Debug|iPhoneSimulator
		{0E7FAAB7-2349-4BA8-85BA-C9A6AF9535EE}.Debug|iPhoneSimulator.Build.0 = Debug|iPhoneSimulator
		{0E7FAAB7-2349-4BA8-85BA-C9A6AF9535EE}.Debug|iPhoneSimulator.Deploy.0 = Debug|iPhoneSimulator
		{0E7FAAB7-2349-4BA8-85BA-C9A6AF9535EE}.Release|Any CPU.ActiveCfg = Release|iPhoneSimulator
		{0E7FAAB7-2349-4BA8-85BA-C9A6AF9535EE}.Release|Any CPU.Build.0 = Release|iPhoneSimulator
		{0E7FAAB7-2349-4BA8-85BA-C9A6AF9535EE}.Release|Any CPU.Deploy.0 = Release|iPhoneSimulator
		{0E7FAAB7-2349-4BA8-85BA-C9A6AF9535EE}.Release|iPhone.ActiveCfg = Release|iPhone
		{0E7FAAB7-2349-4BA8-85BA-C9A6AF9535EE}.Release|iPhone.Build.0 = Release|iPhone
		{0E7FAAB7-2349-4BA8-85BA-C9A6AF9535EE}.Release|iPhone.Deploy.0 = Release|iPhone
		{0E7FAAB7-2349-4BA8-85BA-C9A6AF9535EE}.Release|iPhoneSimulator.ActiveCfg = Release|iPhoneSimulator
		{0E7FAAB7-2349-4BA8-85BA-C9A6AF9535EE}.Release|iPhoneSimulator.Build.0 = Release|iPhoneSimulator
		{0E7FAAB7-2349-4BA8-85BA-C9A6AF9535EE}.Release|iPhoneSimulator.Deploy.0 = Release|iPhoneSimulator
		{08E8FF18-D95C-40BD-A0E5-D9E279076098}.Debug|Any CPU.ActiveCfg = Debug|Any CPU
		{08E8FF18-D95C-40BD-A0E5-D9E279076098}.Debug|Any CPU.Build.0 = Debug|Any CPU
		{08E8FF18-D95C-40BD-A0E5-D9E279076098}.Debug|Any CPU.Deploy.0 = Debug|Any CPU
		{08E8FF18-D95C-40BD-A0E5-D9E279076098}.Debug|iPhone.ActiveCfg = Debug|Any CPU
		{08E8FF18-D95C-40BD-A0E5-D9E279076098}.Debug|iPhone.Build.0 = Debug|Any CPU
		{08E8FF18-D95C-40BD-A0E5-D9E279076098}.Debug|iPhone.Deploy.0 = Debug|Any CPU
		{08E8FF18-D95C-40BD-A0E5-D9E279076098}.Debug|iPhoneSimulator.ActiveCfg = Debug|Any CPU
		{08E8FF18-D95C-40BD-A0E5-D9E279076098}.Debug|iPhoneSimulator.Build.0 = Debug|Any CPU
		{08E8FF18-D95C-40BD-A0E5-D9E279076098}.Debug|iPhoneSimulator.Deploy.0 = Debug|Any CPU
		{08E8FF18-D95C-40BD-A0E5-D9E279076098}.Release|Any CPU.ActiveCfg = Release|Any CPU
		{08E8FF18-D95C-40BD-A0E5-D9E279076098}.Release|Any CPU.Build.0 = Release|Any CPU
		{08E8FF18-D95C-40BD-A0E5-D9E279076098}.Release|Any CPU.Deploy.0 = Release|Any CPU
		{08E8FF18-D95C-40BD-A0E5-D9E279076098}.Release|iPhone.ActiveCfg = Release|Any CPU
		{08E8FF18-D95C-40BD-A0E5-D9E279076098}.Release|iPhone.Build.0 = Release|Any CPU
		{08E8FF18-D95C-40BD-A0E5-D9E279076098}.Release|iPhone.Deploy.0 = Release|Any CPU
		{08E8FF18-D95C-40BD-A0E5-D9E279076098}.Release|iPhoneSimulator.ActiveCfg = Release|Any CPU
		{08E8FF18-D95C-40BD-A0E5-D9E279076098}.Release|iPhoneSimulator.Build.0 = Release|Any CPU
		{08E8FF18-D95C-40BD-A0E5-D9E279076098}.Release|iPhoneSimulator.Deploy.0 = Release|Any CPU
	EndGlobalSection
	GlobalSection(SolutionProperties) = preSolution
		HideSolutionNode = FALSE
	EndGlobalSection
	GlobalSection(ExtensibilityGlobals) = postSolution
		SolutionGuid = {CF1B7A60-2813-4E35-83DC-B740CAF04932}
	EndGlobalSection
EndGlobal
